// !$*UTF8*$!
{
	archiveVersion = 1;
	classes = {
	};
	objectVersion = 50;
	objects = {

/* Begin PBXBuildFile section */
		1D3C53974CC8C41B1A687954 /* libPods-KKWTool.a in Frameworks */ = {isa = PBXBuildFile; fileRef = 5FF65B2DCC1EC806A5643570 /* libPods-KKWTool.a */; };
		EABFE9B121391C330022D94A /* UIViewController+ShowAlert.m in Sources */ = {isa = PBXBuildFile; fileRef = EABFE9AB21391C330022D94A /* UIViewController+ShowAlert.m */; };
		EABFE9B221391C330022D94A /* UIViewController+CZAddition.h in Headers */ = {isa = PBXBuildFile; fileRef = EABFE9AC21391C330022D94A /* UIViewController+CZAddition.h */; };
		EABFE9B321391C330022D94A /* UIViewController+viewDidLoad.m in Sources */ = {isa = PBXBuildFile; fileRef = EABFE9AD21391C330022D94A /* UIViewController+viewDidLoad.m */; };
		EABFE9B421391C330022D94A /* UIViewController+viewDidLoad.h in Headers */ = {isa = PBXBuildFile; fileRef = EABFE9AE21391C330022D94A /* UIViewController+viewDidLoad.h */; };
		EABFE9B521391C330022D94A /* UIViewController+CZAddition.m in Sources */ = {isa = PBXBuildFile; fileRef = EABFE9AF21391C330022D94A /* UIViewController+CZAddition.m */; };
		EABFE9B621391C330022D94A /* UIViewController+ShowAlert.h in Headers */ = {isa = PBXBuildFile; fileRef = EABFE9B021391C330022D94A /* UIViewController+ShowAlert.h */; };
		EABFEA70213939060022D94A /* UIColor+CZAddition.m in Sources */ = {isa = PBXBuildFile; fileRef = EABFEA3F213939060022D94A /* UIColor+CZAddition.m */; };
		EABFEA71213939060022D94A /* UIView+CZAddition.m in Sources */ = {isa = PBXBuildFile; fileRef = EABFEA40213939060022D94A /* UIView+CZAddition.m */; };
		EABFEA72213939060022D94A /* KKWTool.strings in Resources */ = {isa = PBXBuildFile; fileRef = EABFEA41213939060022D94A /* KKWTool.strings */; };
		EABFEA73213939060022D94A /* KKErrorView.h in Headers */ = {isa = PBXBuildFile; fileRef = EABFEA43213939060022D94A /* KKErrorView.h */; };
		EABFEA74213939060022D94A /* NSString+Category.h in Headers */ = {isa = PBXBuildFile; fileRef = EABFEA44213939060022D94A /* NSString+Category.h */; };
		EABFEA75213939060022D94A /* UIView+EX.m in Sources */ = {isa = PBXBuildFile; fileRef = EABFEA46213939060022D94A /* UIView+EX.m */; };
		EABFEA76213939060022D94A /* NSString+CZHash.h in Headers */ = {isa = PBXBuildFile; fileRef = EABFEA47213939060022D94A /* NSString+CZHash.h */; };
		EABFEA77213939060022D94A /* UIView+TransitionAnimation.h in Headers */ = {isa = PBXBuildFile; fileRef = EABFEA48213939060022D94A /* UIView+TransitionAnimation.h */; };
		EABFEA78213939060022D94A /* UIView+Util.m in Sources */ = {isa = PBXBuildFile; fileRef = EABFEA49213939060022D94A /* UIView+Util.m */; };
		EABFEA79213939060022D94A /* UIColor+Common.m in Sources */ = {isa = PBXBuildFile; fileRef = EABFEA4A213939060022D94A /* UIColor+Common.m */; };
		EABFEA7A213939060022D94A /* UIColor+StyleSheet.m in Sources */ = {isa = PBXBuildFile; fileRef = EABFEA4B213939060022D94A /* UIColor+StyleSheet.m */; };
		EABFEA7B213939060022D94A /* UIView+BorderLine.h in Headers */ = {isa = PBXBuildFile; fileRef = EABFEA4C213939060022D94A /* UIView+BorderLine.h */; };
		EABFEA7C213939060022D94A /* UIColor+hex.m in Sources */ = {isa = PBXBuildFile; fileRef = EABFEA4D213939060022D94A /* UIColor+hex.m */; };
		EABFEA7D213939060022D94A /* UIView+Extension.h in Headers */ = {isa = PBXBuildFile; fileRef = EABFEA4E213939060022D94A /* UIView+Extension.h */; };
		EABFEA7E213939060022D94A /* UIView+ErrorView.m in Sources */ = {isa = PBXBuildFile; fileRef = EABFEA4F213939060022D94A /* UIView+ErrorView.m */; };
		EABFEA7F213939060022D94A /* UIColor+HexExtension.m in Sources */ = {isa = PBXBuildFile; fileRef = EABFEA50213939060022D94A /* UIColor+HexExtension.m */; };
		EABFEA80213939060022D94A /* UIView+Category.m in Sources */ = {isa = PBXBuildFile; fileRef = EABFEA51213939060022D94A /* UIView+Category.m */; };
		EABFEA81213939060022D94A /* NSString+CZBase64.m in Sources */ = {isa = PBXBuildFile; fileRef = EABFEA52213939060022D94A /* NSString+CZBase64.m */; };
		EABFEA82213939060022D94A /* NSString+KKL.h in Headers */ = {isa = PBXBuildFile; fileRef = EABFEA53213939060022D94A /* NSString+KKL.h */; };
		EABFEA83213939060022D94A /* NSString+CZPath.m in Sources */ = {isa = PBXBuildFile; fileRef = EABFEA54213939060022D94A /* NSString+CZPath.m */; };
		EABFEA84213939060022D94A /* NSString+Size.h in Headers */ = {isa = PBXBuildFile; fileRef = EABFEA55213939060022D94A /* NSString+Size.h */; };
		EABFEA85213939060022D94A /* NSString+Binary.h in Headers */ = {isa = PBXBuildFile; fileRef = EABFEA56213939060022D94A /* NSString+Binary.h */; };
		EABFEA86213939060022D94A /* UIView+JKFrame.m in Sources */ = {isa = PBXBuildFile; fileRef = EABFEA57213939060022D94A /* UIView+JKFrame.m */; };
		EABFEA87213939060022D94A /* UIView+Const.h in Headers */ = {isa = PBXBuildFile; fileRef = EABFEA58213939060022D94A /* UIView+Const.h */; };
		EABFEA88213939060022D94A /* NSString+Category.m in Sources */ = {isa = PBXBuildFile; fileRef = EABFEA59213939060022D94A /* NSString+Category.m */; };
		EABFEA89213939060022D94A /* KKErrorView.m in Sources */ = {isa = PBXBuildFile; fileRef = EABFEA5A213939060022D94A /* KKErrorView.m */; };
		EABFEA8A213939060022D94A /* UIView+CZAddition.h in Headers */ = {isa = PBXBuildFile; fileRef = EABFEA5B213939060022D94A /* UIView+CZAddition.h */; };
		EABFEA8B213939060022D94A /* UIColor+CZAddition.h in Headers */ = {isa = PBXBuildFile; fileRef = EABFEA5C213939060022D94A /* UIColor+CZAddition.h */; };
		EABFEA8C213939060022D94A /* UIColor+hex.h in Headers */ = {isa = PBXBuildFile; fileRef = EABFEA5D213939060022D94A /* UIColor+hex.h */; };
		EABFEA8D213939060022D94A /* UIColor+StyleSheet.h in Headers */ = {isa = PBXBuildFile; fileRef = EABFEA5E213939060022D94A /* UIColor+StyleSheet.h */; };
		EABFEA8E213939060022D94A /* UIView+BorderLine.m in Sources */ = {isa = PBXBuildFile; fileRef = EABFEA5F213939060022D94A /* UIView+BorderLine.m */; };
		EABFEA8F213939060022D94A /* UIView+Util.h in Headers */ = {isa = PBXBuildFile; fileRef = EABFEA60213939060022D94A /* UIView+Util.h */; };
		EABFEA90213939060022D94A /* UIColor+Common.h in Headers */ = {isa = PBXBuildFile; fileRef = EABFEA61213939060022D94A /* UIColor+Common.h */; };
		EABFEA91213939060022D94A /* UIView+TransitionAnimation.m in Sources */ = {isa = PBXBuildFile; fileRef = EABFEA62213939060022D94A /* UIView+TransitionAnimation.m */; };
		EABFEA92213939060022D94A /* NSString+CZHash.m in Sources */ = {isa = PBXBuildFile; fileRef = EABFEA63213939060022D94A /* NSString+CZHash.m */; };
		EABFEA93213939060022D94A /* UIView+EX.h in Headers */ = {isa = PBXBuildFile; fileRef = EABFEA64213939060022D94A /* UIView+EX.h */; };
		EABFEA94213939060022D94A /* NSString+CZBase64.h in Headers */ = {isa = PBXBuildFile; fileRef = EABFEA65213939060022D94A /* NSString+CZBase64.h */; };
		EABFEA95213939060022D94A /* UIView+Category.h in Headers */ = {isa = PBXBuildFile; fileRef = EABFEA66213939060022D94A /* UIView+Category.h */; };
		EABFEA96213939060022D94A /* UIColor+HexExtension.h in Headers */ = {isa = PBXBuildFile; fileRef = EABFEA67213939060022D94A /* UIColor+HexExtension.h */; };
		EABFEA97213939060022D94A /* UIView+ErrorView.h in Headers */ = {isa = PBXBuildFile; fileRef = EABFEA68213939060022D94A /* UIView+ErrorView.h */; };
		EABFEA98213939060022D94A /* UIView+Extension.m in Sources */ = {isa = PBXBuildFile; fileRef = EABFEA69213939060022D94A /* UIView+Extension.m */; };
		EABFEA99213939060022D94A /* UIView+Const.m in Sources */ = {isa = PBXBuildFile; fileRef = EABFEA6A213939060022D94A /* UIView+Const.m */; };
		EABFEA9A213939060022D94A /* NSString+Binary.m in Sources */ = {isa = PBXBuildFile; fileRef = EABFEA6B213939060022D94A /* NSString+Binary.m */; };
		EABFEA9B213939060022D94A /* UIView+JKFrame.h in Headers */ = {isa = PBXBuildFile; fileRef = EABFEA6C213939060022D94A /* UIView+JKFrame.h */; };
		EABFEA9C213939060022D94A /* NSString+Size.m in Sources */ = {isa = PBXBuildFile; fileRef = EABFEA6D213939060022D94A /* NSString+Size.m */; };
		EABFEA9D213939060022D94A /* NSString+CZPath.h in Headers */ = {isa = PBXBuildFile; fileRef = EABFEA6E213939060022D94A /* NSString+CZPath.h */; };
		EABFEA9E213939060022D94A /* NSString+KKL.m in Sources */ = {isa = PBXBuildFile; fileRef = EABFEA6F213939060022D94A /* NSString+KKL.m */; };
/* End PBXBuildFile section */

/* Begin PBXFileReference section */
		23A02D1E6011119191E90519 /* Pods-KKWTool.debug.xcconfig */ = {isa = PBXFileReference; includeInIndex = 1; lastKnownFileType = text.xcconfig; name = "Pods-KKWTool.debug.xcconfig"; path = "Target Support Files/Pods-KKWTool/Pods-KKWTool.debug.xcconfig"; sourceTree = "<group>"; };
		5FF65B2DCC1EC806A5643570 /* libPods-KKWTool.a */ = {isa = PBXFileReference; explicitFileType = archive.ar; includeInIndex = 0; path = "libPods-KKWTool.a"; sourceTree = BUILT_PRODUCTS_DIR; };
		EABFE97221391AB30022D94A /* KKWTool.framework */ = {isa = PBXFileReference; explicitFileType = wrapper.framework; includeInIndex = 0; path = KKWTool.framework; sourceTree = BUILT_PRODUCTS_DIR; };
		EABFE97621391AB30022D94A /* Info.plist */ = {isa = PBXFileReference; lastKnownFileType = text.plist.xml; path = Info.plist; sourceTree = "<group>"; };
		EABFE9AB21391C330022D94A /* UIViewController+ShowAlert.m */ = {isa = PBXFileReference; fileEncoding = 4; lastKnownFileType = sourcecode.c.objc; path = "UIViewController+ShowAlert.m"; sourceTree = "<group>"; };
		EABFE9AC21391C330022D94A /* UIViewController+CZAddition.h */ = {isa = PBXFileReference; fileEncoding = 4; lastKnownFileType = sourcecode.c.h; path = "UIViewController+CZAddition.h"; sourceTree = "<group>"; };
		EABFE9AD21391C330022D94A /* UIViewController+viewDidLoad.m */ = {isa = PBXFileReference; fileEncoding = 4; lastKnownFileType = sourcecode.c.objc; path = "UIViewController+viewDidLoad.m"; sourceTree = "<group>"; };
		EABFE9AE21391C330022D94A /* UIViewController+viewDidLoad.h */ = {isa = PBXFileReference; fileEncoding = 4; lastKnownFileType = sourcecode.c.h; path = "UIViewController+viewDidLoad.h"; sourceTree = "<group>"; };
		EABFE9AF21391C330022D94A /* UIViewController+CZAddition.m */ = {isa = PBXFileReference; fileEncoding = 4; lastKnownFileType = sourcecode.c.objc; path = "UIViewController+CZAddition.m"; sourceTree = "<group>"; };
		EABFE9B021391C330022D94A /* UIViewController+ShowAlert.h */ = {isa = PBXFileReference; fileEncoding = 4; lastKnownFileType = sourcecode.c.h; path = "UIViewController+ShowAlert.h"; sourceTree = "<group>"; };
		EABFEA3F213939060022D94A /* UIColor+CZAddition.m */ = {isa = PBXFileReference; fileEncoding = 4; lastKnownFileType = sourcecode.c.objc; path = "UIColor+CZAddition.m"; sourceTree = "<group>"; };
		EABFEA40213939060022D94A /* UIView+CZAddition.m */ = {isa = PBXFileReference; fileEncoding = 4; lastKnownFileType = sourcecode.c.objc; path = "UIView+CZAddition.m"; sourceTree = "<group>"; };
		EABFEA42213939060022D94A /* zh-Hans */ = {isa = PBXFileReference; lastKnownFileType = text.plist.strings; name = "zh-Hans"; path = "zh-Hans.lproj/KKWTool.strings"; sourceTree = "<group>"; };
		EABFEA43213939060022D94A /* KKErrorView.h */ = {isa = PBXFileReference; fileEncoding = 4; lastKnownFileType = sourcecode.c.h; path = KKErrorView.h; sourceTree = "<group>"; };
		EABFEA44213939060022D94A /* NSString+Category.h */ = {isa = PBXFileReference; fileEncoding = 4; lastKnownFileType = sourcecode.c.h; path = "NSString+Category.h"; sourceTree = "<group>"; };
		EABFEA45213939060022D94A /* en */ = {isa = PBXFileReference; lastKnownFileType = text.plist.strings; name = en; path = en.lproj/KKWTool.strings; sourceTree = "<group>"; };
		EABFEA46213939060022D94A /* UIView+EX.m */ = {isa = PBXFileReference; fileEncoding = 4; lastKnownFileType = sourcecode.c.objc; path = "UIView+EX.m"; sourceTree = "<group>"; };
		EABFEA47213939060022D94A /* NSString+CZHash.h */ = {isa = PBXFileReference; fileEncoding = 4; lastKnownFileType = sourcecode.c.h; path = "NSString+CZHash.h"; sourceTree = "<group>"; };
		EABFEA48213939060022D94A /* UIView+TransitionAnimation.h */ = {isa = PBXFileReference; fileEncoding = 4; lastKnownFileType = sourcecode.c.h; path = "UIView+TransitionAnimation.h"; sourceTree = "<group>"; };
		EABFEA49213939060022D94A /* UIView+Util.m */ = {isa = PBXFileReference; fileEncoding = 4; lastKnownFileType = sourcecode.c.objc; path = "UIView+Util.m"; sourceTree = "<group>"; };
		EABFEA4A213939060022D94A /* UIColor+Common.m */ = {isa = PBXFileReference; fileEncoding = 4; lastKnownFileType = sourcecode.c.objc; path = "UIColor+Common.m"; sourceTree = "<group>"; };
		EABFEA4B213939060022D94A /* UIColor+StyleSheet.m */ = {isa = PBXFileReference; fileEncoding = 4; lastKnownFileType = sourcecode.c.objc; path = "UIColor+StyleSheet.m"; sourceTree = "<group>"; };
		EABFEA4C213939060022D94A /* UIView+BorderLine.h */ = {isa = PBXFileReference; fileEncoding = 4; lastKnownFileType = sourcecode.c.h; path = "UIView+BorderLine.h"; sourceTree = "<group>"; };
		EABFEA4D213939060022D94A /* UIColor+hex.m */ = {isa = PBXFileReference; fileEncoding = 4; lastKnownFileType = sourcecode.c.objc; path = "UIColor+hex.m"; sourceTree = "<group>"; };
		EABFEA4E213939060022D94A /* UIView+Extension.h */ = {isa = PBXFileReference; fileEncoding = 4; lastKnownFileType = sourcecode.c.h; path = "UIView+Extension.h"; sourceTree = "<group>"; };
		EABFEA4F213939060022D94A /* UIView+ErrorView.m */ = {isa = PBXFileReference; fileEncoding = 4; lastKnownFileType = sourcecode.c.objc; path = "UIView+ErrorView.m"; sourceTree = "<group>"; };
		EABFEA50213939060022D94A /* UIColor+HexExtension.m */ = {isa = PBXFileReference; fileEncoding = 4; lastKnownFileType = sourcecode.c.objc; path = "UIColor+HexExtension.m"; sourceTree = "<group>"; };
		EABFEA51213939060022D94A /* UIView+Category.m */ = {isa = PBXFileReference; fileEncoding = 4; lastKnownFileType = sourcecode.c.objc; path = "UIView+Category.m"; sourceTree = "<group>"; };
		EABFEA52213939060022D94A /* NSString+CZBase64.m */ = {isa = PBXFileReference; fileEncoding = 4; lastKnownFileType = sourcecode.c.objc; path = "NSString+CZBase64.m"; sourceTree = "<group>"; };
		EABFEA53213939060022D94A /* NSString+KKL.h */ = {isa = PBXFileReference; fileEncoding = 4; lastKnownFileType = sourcecode.c.h; path = "NSString+KKL.h"; sourceTree = "<group>"; };
		EABFEA54213939060022D94A /* NSString+CZPath.m */ = {isa = PBXFileReference; fileEncoding = 4; lastKnownFileType = sourcecode.c.objc; path = "NSString+CZPath.m"; sourceTree = "<group>"; };
		EABFEA55213939060022D94A /* NSString+Size.h */ = {isa = PBXFileReference; fileEncoding = 4; lastKnownFileType = sourcecode.c.h; path = "NSString+Size.h"; sourceTree = "<group>"; };
		EABFEA56213939060022D94A /* NSString+Binary.h */ = {isa = PBXFileReference; fileEncoding = 4; lastKnownFileType = sourcecode.c.h; path = "NSString+Binary.h"; sourceTree = "<group>"; };
		EABFEA57213939060022D94A /* UIView+JKFrame.m */ = {isa = PBXFileReference; fileEncoding = 4; lastKnownFileType = sourcecode.c.objc; path = "UIView+JKFrame.m"; sourceTree = "<group>"; };
		EABFEA58213939060022D94A /* UIView+Const.h */ = {isa = PBXFileReference; fileEncoding = 4; lastKnownFileType = sourcecode.c.h; path = "UIView+Const.h"; sourceTree = "<group>"; };
		EABFEA59213939060022D94A /* NSString+Category.m */ = {isa = PBXFileReference; fileEncoding = 4; lastKnownFileType = sourcecode.c.objc; path = "NSString+Category.m"; sourceTree = "<group>"; };
		EABFEA5A213939060022D94A /* KKErrorView.m */ = {isa = PBXFileReference; fileEncoding = 4; lastKnownFileType = sourcecode.c.objc; path = KKErrorView.m; sourceTree = "<group>"; };
		EABFEA5B213939060022D94A /* UIView+CZAddition.h */ = {isa = PBXFileReference; fileEncoding = 4; lastKnownFileType = sourcecode.c.h; path = "UIView+CZAddition.h"; sourceTree = "<group>"; };
		EABFEA5C213939060022D94A /* UIColor+CZAddition.h */ = {isa = PBXFileReference; fileEncoding = 4; lastKnownFileType = sourcecode.c.h; path = "UIColor+CZAddition.h"; sourceTree = "<group>"; };
		EABFEA5D213939060022D94A /* UIColor+hex.h */ = {isa = PBXFileReference; fileEncoding = 4; lastKnownFileType = sourcecode.c.h; path = "UIColor+hex.h"; sourceTree = "<group>"; };
		EABFEA5E213939060022D94A /* UIColor+StyleSheet.h */ = {isa = PBXFileReference; fileEncoding = 4; lastKnownFileType = sourcecode.c.h; path = "UIColor+StyleSheet.h"; sourceTree = "<group>"; };
		EABFEA5F213939060022D94A /* UIView+BorderLine.m */ = {isa = PBXFileReference; fileEncoding = 4; lastKnownFileType = sourcecode.c.objc; path = "UIView+BorderLine.m"; sourceTree = "<group>"; };
		EABFEA60213939060022D94A /* UIView+Util.h */ = {isa = PBXFileReference; fileEncoding = 4; lastKnownFileType = sourcecode.c.h; path = "UIView+Util.h"; sourceTree = "<group>"; };
		EABFEA61213939060022D94A /* UIColor+Common.h */ = {isa = PBXFileReference; fileEncoding = 4; lastKnownFileType = sourcecode.c.h; path = "UIColor+Common.h"; sourceTree = "<group>"; };
		EABFEA62213939060022D94A /* UIView+TransitionAnimation.m */ = {isa = PBXFileReference; fileEncoding = 4; lastKnownFileType = sourcecode.c.objc; path = "UIView+TransitionAnimation.m"; sourceTree = "<group>"; };
		EABFEA63213939060022D94A /* NSString+CZHash.m */ = {isa = PBXFileReference; fileEncoding = 4; lastKnownFileType = sourcecode.c.objc; path = "NSString+CZHash.m"; sourceTree = "<group>"; };
		EABFEA64213939060022D94A /* UIView+EX.h */ = {isa = PBXFileReference; fileEncoding = 4; lastKnownFileType = sourcecode.c.h; path = "UIView+EX.h"; sourceTree = "<group>"; };
		EABFEA65213939060022D94A /* NSString+CZBase64.h */ = {isa = PBXFileReference; fileEncoding = 4; lastKnownFileType = sourcecode.c.h; path = "NSString+CZBase64.h"; sourceTree = "<group>"; };
		EABFEA66213939060022D94A /* UIView+Category.h */ = {isa = PBXFileReference; fileEncoding = 4; lastKnownFileType = sourcecode.c.h; path = "UIView+Category.h"; sourceTree = "<group>"; };
		EABFEA67213939060022D94A /* UIColor+HexExtension.h */ = {isa = PBXFileReference; fileEncoding = 4; lastKnownFileType = sourcecode.c.h; path = "UIColor+HexExtension.h"; sourceTree = "<group>"; };
		EABFEA68213939060022D94A /* UIView+ErrorView.h */ = {isa = PBXFileReference; fileEncoding = 4; lastKnownFileType = sourcecode.c.h; path = "UIView+ErrorView.h"; sourceTree = "<group>"; };
		EABFEA69213939060022D94A /* UIView+Extension.m */ = {isa = PBXFileReference; fileEncoding = 4; lastKnownFileType = sourcecode.c.objc; path = "UIView+Extension.m"; sourceTree = "<group>"; };
		EABFEA6A213939060022D94A /* UIView+Const.m */ = {isa = PBXFileReference; fileEncoding = 4; lastKnownFileType = sourcecode.c.objc; path = "UIView+Const.m"; sourceTree = "<group>"; };
		EABFEA6B213939060022D94A /* NSString+Binary.m */ = {isa = PBXFileReference; fileEncoding = 4; lastKnownFileType = sourcecode.c.objc; path = "NSString+Binary.m"; sourceTree = "<group>"; };
		EABFEA6C213939060022D94A /* UIView+JKFrame.h */ = {isa = PBXFileReference; fileEncoding = 4; lastKnownFileType = sourcecode.c.h; path = "UIView+JKFrame.h"; sourceTree = "<group>"; };
		EABFEA6D213939060022D94A /* NSString+Size.m */ = {isa = PBXFileReference; fileEncoding = 4; lastKnownFileType = sourcecode.c.objc; path = "NSString+Size.m"; sourceTree = "<group>"; };
		EABFEA6E213939060022D94A /* NSString+CZPath.h */ = {isa = PBXFileReference; fileEncoding = 4; lastKnownFileType = sourcecode.c.h; path = "NSString+CZPath.h"; sourceTree = "<group>"; };
		EABFEA6F213939060022D94A /* NSString+KKL.m */ = {isa = PBXFileReference; fileEncoding = 4; lastKnownFileType = sourcecode.c.objc; path = "NSString+KKL.m"; sourceTree = "<group>"; };
		FA32AB80BD1CBD2566525AF4 /* Pods-KKWTool.release.xcconfig */ = {isa = PBXFileReference; includeInIndex = 1; lastKnownFileType = text.xcconfig; name = "Pods-KKWTool.release.xcconfig"; path = "Target Support Files/Pods-KKWTool/Pods-KKWTool.release.xcconfig"; sourceTree = "<group>"; };
/* End PBXFileReference section */

/* Begin PBXFrameworksBuildPhase section */
		EABFE96E21391AB30022D94A /* Frameworks */ = {
			isa = PBXFrameworksBuildPhase;
			buildActionMask = 2147483647;
			files = (
				1D3C53974CC8C41B1A687954 /* libPods-KKWTool.a in Frameworks */,
			);
			runOnlyForDeploymentPostprocessing = 0;
		};
/* End PBXFrameworksBuildPhase section */

/* Begin PBXGroup section */
		66533A2BF16A1F4C3B9E3A61 /* Frameworks */ = {
			isa = PBXGroup;
			children = (
				5FF65B2DCC1EC806A5643570 /* libPods-KKWTool.a */,
			);
			name = Frameworks;
			sourceTree = "<group>";
		};
		DEA0DD7AB20694C03227A1FA /* Pods */ = {
			isa = PBXGroup;
			children = (
				23A02D1E6011119191E90519 /* Pods-KKWTool.debug.xcconfig */,
				FA32AB80BD1CBD2566525AF4 /* Pods-KKWTool.release.xcconfig */,
			);
			path = Pods;
			sourceTree = "<group>";
		};
		EABFE96821391AB30022D94A = {
			isa = PBXGroup;
			children = (
				EABFE97421391AB30022D94A /* KKWTool */,
				EABFE97321391AB30022D94A /* Products */,
				DEA0DD7AB20694C03227A1FA /* Pods */,
				66533A2BF16A1F4C3B9E3A61 /* Frameworks */,
			);
			sourceTree = "<group>";
		};
		EABFE97321391AB30022D94A /* Products */ = {
			isa = PBXGroup;
			children = (
				EABFE97221391AB30022D94A /* KKWTool.framework */,
			);
			name = Products;
			sourceTree = "<group>";
		};
		EABFE97421391AB30022D94A /* KKWTool */ = {
			isa = PBXGroup;
			children = (
				EABFEA3E213939060022D94A /* UIView */,
				EABFE9AA21391C330022D94A /* UIViewController */,
				EABFE97621391AB30022D94A /* Info.plist */,
			);
			path = KKWTool;
			sourceTree = "<group>";
		};
		EABFE9AA21391C330022D94A /* UIViewController */ = {
			isa = PBXGroup;
			children = (
				EABFE9B021391C330022D94A /* UIViewController+ShowAlert.h */,
				EABFE9AB21391C330022D94A /* UIViewController+ShowAlert.m */,
				EABFE9AC21391C330022D94A /* UIViewController+CZAddition.h */,
				EABFE9AF21391C330022D94A /* UIViewController+CZAddition.m */,
				EABFE9AD21391C330022D94A /* UIViewController+viewDidLoad.m */,
				EABFE9AE21391C330022D94A /* UIViewController+viewDidLoad.h */,
			);
			path = UIViewController;
			sourceTree = "<group>";
		};
		EABFEA3E213939060022D94A /* UIView */ = {
			isa = PBXGroup;
			children = (
				EABFEA3F213939060022D94A /* UIColor+CZAddition.m */,
				EABFEA40213939060022D94A /* UIView+CZAddition.m */,
				EABFEA41213939060022D94A /* KKWTool.strings */,
				EABFEA43213939060022D94A /* KKErrorView.h */,
				EABFEA44213939060022D94A /* NSString+Category.h */,
				EABFEA46213939060022D94A /* UIView+EX.m */,
				EABFEA47213939060022D94A /* NSString+CZHash.h */,
				EABFEA48213939060022D94A /* UIView+TransitionAnimation.h */,
				EABFEA49213939060022D94A /* UIView+Util.m */,
				EABFEA4A213939060022D94A /* UIColor+Common.m */,
				EABFEA4B213939060022D94A /* UIColor+StyleSheet.m */,
				EABFEA4C213939060022D94A /* UIView+BorderLine.h */,
				EABFEA4D213939060022D94A /* UIColor+hex.m */,
				EABFEA4E213939060022D94A /* UIView+Extension.h */,
				EABFEA4F213939060022D94A /* UIView+ErrorView.m */,
				EABFEA50213939060022D94A /* UIColor+HexExtension.m */,
				EABFEA51213939060022D94A /* UIView+Category.m */,
				EABFEA52213939060022D94A /* NSString+CZBase64.m */,
				EABFEA53213939060022D94A /* NSString+KKL.h */,
				EABFEA54213939060022D94A /* NSString+CZPath.m */,
				EABFEA55213939060022D94A /* NSString+Size.h */,
				EABFEA56213939060022D94A /* NSString+Binary.h */,
				EABFEA57213939060022D94A /* UIView+JKFrame.m */,
				EABFEA58213939060022D94A /* UIView+Const.h */,
				EABFEA59213939060022D94A /* NSString+Category.m */,
				EABFEA5A213939060022D94A /* KKErrorView.m */,
				EABFEA5B213939060022D94A /* UIView+CZAddition.h */,
				EABFEA5C213939060022D94A /* UIColor+CZAddition.h */,
				EABFEA5D213939060022D94A /* UIColor+hex.h */,
				EABFEA5E213939060022D94A /* UIColor+StyleSheet.h */,
				EABFEA5F213939060022D94A /* UIView+BorderLine.m */,
				EABFEA60213939060022D94A /* UIView+Util.h */,
				EABFEA61213939060022D94A /* UIColor+Common.h */,
				EABFEA62213939060022D94A /* UIView+TransitionAnimation.m */,
				EABFEA63213939060022D94A /* NSString+CZHash.m */,
				EABFEA64213939060022D94A /* UIView+EX.h */,
				EABFEA65213939060022D94A /* NSString+CZBase64.h */,
				EABFEA66213939060022D94A /* UIView+Category.h */,
				EABFEA67213939060022D94A /* UIColor+HexExtension.h */,
				EABFEA68213939060022D94A /* UIView+ErrorView.h */,
				EABFEA69213939060022D94A /* UIView+Extension.m */,
				EABFEA6A213939060022D94A /* UIView+Const.m */,
				EABFEA6B213939060022D94A /* NSString+Binary.m */,
				EABFEA6C213939060022D94A /* UIView+JKFrame.h */,
				EABFEA6D213939060022D94A /* NSString+Size.m */,
				EABFEA6E213939060022D94A /* NSString+CZPath.h */,
				EABFEA6F213939060022D94A /* NSString+KKL.m */,
			);
			path = UIView;
			sourceTree = "<group>";
		};
/* End PBXGroup section */

/* Begin PBXHeadersBuildPhase section */
		EABFE96F21391AB30022D94A /* Headers */ = {
			isa = PBXHeadersBuildPhase;
			buildActionMask = 2147483647;
			files = (
				EABFEA8C213939060022D94A /* UIColor+hex.h in Headers */,
				EABFEA97213939060022D94A /* UIView+ErrorView.h in Headers */,
				EABFEA9D213939060022D94A /* NSString+CZPath.h in Headers */,
				EABFE9B221391C330022D94A /* UIViewController+CZAddition.h in Headers */,
				EABFEA76213939060022D94A /* NSString+CZHash.h in Headers */,
				EABFEA8F213939060022D94A /* UIView+Util.h in Headers */,
				EABFEA77213939060022D94A /* UIView+TransitionAnimation.h in Headers */,
				EABFEA90213939060022D94A /* UIColor+Common.h in Headers */,
				EABFEA85213939060022D94A /* NSString+Binary.h in Headers */,
				EABFEA95213939060022D94A /* UIView+Category.h in Headers */,
				EABFEA84213939060022D94A /* NSString+Size.h in Headers */,
				EABFEA7B213939060022D94A /* UIView+BorderLine.h in Headers */,
				EABFEA94213939060022D94A /* NSString+CZBase64.h in Headers */,
				EABFE9B421391C330022D94A /* UIViewController+viewDidLoad.h in Headers */,
				EABFEA73213939060022D94A /* KKErrorView.h in Headers */,
				EABFEA74213939060022D94A /* NSString+Category.h in Headers */,
				EABFEA9B213939060022D94A /* UIView+JKFrame.h in Headers */,
				EABFEA82213939060022D94A /* NSString+KKL.h in Headers */,
				EABFEA8B213939060022D94A /* UIColor+CZAddition.h in Headers */,
				EABFEA87213939060022D94A /* UIView+Const.h in Headers */,
				EABFE9B621391C330022D94A /* UIViewController+ShowAlert.h in Headers */,
				EABFEA8A213939060022D94A /* UIView+CZAddition.h in Headers */,
				EABFEA7D213939060022D94A /* UIView+Extension.h in Headers */,
				EABFEA93213939060022D94A /* UIView+EX.h in Headers */,
				EABFEA8D213939060022D94A /* UIColor+StyleSheet.h in Headers */,
				EABFEA96213939060022D94A /* UIColor+HexExtension.h in Headers */,
			);
			runOnlyForDeploymentPostprocessing = 0;
		};
/* End PBXHeadersBuildPhase section */

/* Begin PBXNativeTarget section */
		EABFE97121391AB30022D94A /* KKWTool */ = {
			isa = PBXNativeTarget;
			buildConfigurationList = EABFE97A21391AB30022D94A /* Build configuration list for PBXNativeTarget "KKWTool" */;
			buildPhases = (
				35705E1268744D8CB1215F64 /* [CP] Check Pods Manifest.lock */,
				EABFE96D21391AB30022D94A /* Sources */,
				EABFE96E21391AB30022D94A /* Frameworks */,
				EABFE96F21391AB30022D94A /* Headers */,
				EABFE97021391AB30022D94A /* Resources */,
				2ED3211B32D7C981F61E074A /* [CP] Copy Pods Resources */,
			);
			buildRules = (
			);
			dependencies = (
			);
			name = KKWTool;
			productName = KKWTool;
			productReference = EABFE97221391AB30022D94A /* KKWTool.framework */;
			productType = "com.apple.product-type.framework";
		};
/* End PBXNativeTarget section */

/* Begin PBXProject section */
		EABFE96921391AB30022D94A /* Project object */ = {
			isa = PBXProject;
			attributes = {
				LastUpgradeCheck = 0940;
				ORGANIZATIONNAME = KK;
				TargetAttributes = {
					EABFE97121391AB30022D94A = {
						CreatedOnToolsVersion = 9.4.1;
					};
				};
			};
			buildConfigurationList = EABFE96C21391AB30022D94A /* Build configuration list for PBXProject "KKWTool" */;
			compatibilityVersion = "Xcode 9.3";
			developmentRegion = en;
			hasScannedForEncodings = 0;
			knownRegions = (
				en,
				"zh-Hans",
			);
			mainGroup = EABFE96821391AB30022D94A;
			productRefGroup = EABFE97321391AB30022D94A /* Products */;
			projectDirPath = "";
			projectRoot = "";
			targets = (
				EABFE97121391AB30022D94A /* KKWTool */,
			);
		};
/* End PBXProject section */

/* Begin PBXResourcesBuildPhase section */
		EABFE97021391AB30022D94A /* Resources */ = {
			isa = PBXResourcesBuildPhase;
			buildActionMask = 2147483647;
			files = (
				EABFEA72213939060022D94A /* KKWTool.strings in Resources */,
			);
			runOnlyForDeploymentPostprocessing = 0;
		};
/* End PBXResourcesBuildPhase section */

/* Begin PBXShellScriptBuildPhase section */
		2ED3211B32D7C981F61E074A /* [CP] Copy Pods Resources */ = {
			isa = PBXShellScriptBuildPhase;
			buildActionMask = 2147483647;
			files = (
			);
			inputPaths = (
				"${PODS_ROOT}/Target Support Files/Pods-KKWTool/Pods-KKWTool-resources.sh",
				"${PODS_ROOT}/SVProgressHUD/SVProgressHUD/SVProgressHUD.bundle",
			);
			name = "[CP] Copy Pods Resources";
			outputPaths = (
				"${TARGET_BUILD_DIR}/${UNLOCALIZED_RESOURCES_FOLDER_PATH}/SVProgressHUD.bundle",
			);
			runOnlyForDeploymentPostprocessing = 0;
			shellPath = /bin/sh;
			shellScript = "\"${PODS_ROOT}/Target Support Files/Pods-KKWTool/Pods-KKWTool-resources.sh\"\n";
			showEnvVarsInLog = 0;
		};
		35705E1268744D8CB1215F64 /* [CP] Check Pods Manifest.lock */ = {
			isa = PBXShellScriptBuildPhase;
			buildActionMask = 2147483647;
			files = (
			);
			inputPaths = (
				"${PODS_PODFILE_DIR_PATH}/Podfile.lock",
				"${PODS_ROOT}/Manifest.lock",
			);
			name = "[CP] Check Pods Manifest.lock";
			outputPaths = (
				"$(DERIVED_FILE_DIR)/Pods-KKWTool-checkManifestLockResult.txt",
			);
			runOnlyForDeploymentPostprocessing = 0;
			shellPath = /bin/sh;
			shellScript = "diff \"${PODS_PODFILE_DIR_PATH}/Podfile.lock\" \"${PODS_ROOT}/Manifest.lock\" > /dev/null\nif [ $? != 0 ] ; then\n    # print error to STDERR\n    echo \"error: The sandbox is not in sync with the Podfile.lock. Run 'pod install' or update your CocoaPods installation.\" >&2\n    exit 1\nfi\n# This output is used by Xcode 'outputs' to avoid re-running this script phase.\necho \"SUCCESS\" > \"${SCRIPT_OUTPUT_FILE_0}\"\n";
			showEnvVarsInLog = 0;
		};
/* End PBXShellScriptBuildPhase section */

/* Begin PBXSourcesBuildPhase section */
		EABFE96D21391AB30022D94A /* Sources */ = {
			isa = PBXSourcesBuildPhase;
			buildActionMask = 2147483647;
			files = (
				EABFEA7A213939060022D94A /* UIColor+StyleSheet.m in Sources */,
				EABFEA83213939060022D94A /* NSString+CZPath.m in Sources */,
				EABFEA9E213939060022D94A /* NSString+KKL.m in Sources */,
				EABFEA98213939060022D94A /* UIView+Extension.m in Sources */,
				EABFEA70213939060022D94A /* UIColor+CZAddition.m in Sources */,
				EABFEA78213939060022D94A /* UIView+Util.m in Sources */,
				EABFEA81213939060022D94A /* NSString+CZBase64.m in Sources */,
				EABFEA75213939060022D94A /* UIView+EX.m in Sources */,
				EABFEA91213939060022D94A /* UIView+TransitionAnimation.m in Sources */,
				EABFEA7E213939060022D94A /* UIView+ErrorView.m in Sources */,
				EABFEA9C213939060022D94A /* NSString+Size.m in Sources */,
				EABFE9B121391C330022D94A /* UIViewController+ShowAlert.m in Sources */,
				EABFEA99213939060022D94A /* UIView+Const.m in Sources */,
				EABFEA80213939060022D94A /* UIView+Category.m in Sources */,
				EABFEA9A213939060022D94A /* NSString+Binary.m in Sources */,
				EABFEA92213939060022D94A /* NSString+CZHash.m in Sources */,
				EABFEA79213939060022D94A /* UIColor+Common.m in Sources */,
				EABFEA7F213939060022D94A /* UIColor+HexExtension.m in Sources */,
				EABFE9B321391C330022D94A /* UIViewController+viewDidLoad.m in Sources */,
				EABFEA7C213939060022D94A /* UIColor+hex.m in Sources */,
				EABFEA89213939060022D94A /* KKErrorView.m in Sources */,
				EABFE9B521391C330022D94A /* UIViewController+CZAddition.m in Sources */,
				EABFEA88213939060022D94A /* NSString+Category.m in Sources */,
				EABFEA8E213939060022D94A /* UIView+BorderLine.m in Sources */,
				EABFEA71213939060022D94A /* UIView+CZAddition.m in Sources */,
				EABFEA86213939060022D94A /* UIView+JKFrame.m in Sources */,
			);
			runOnlyForDeploymentPostprocessing = 0;
		};
/* End PBXSourcesBuildPhase section */

/* Begin PBXVariantGroup section */
		EABFEA41213939060022D94A /* KKWTool.strings */ = {
			isa = PBXVariantGroup;
			children = (
				EABFEA42213939060022D94A /* zh-Hans */,
				EABFEA45213939060022D94A /* en */,
			);
			name = KKWTool.strings;
			sourceTree = "<group>";
		};
/* End PBXVariantGroup section */

/* Begin XCBuildConfiguration section */
		EABFE97821391AB30022D94A /* Debug */ = {
			isa = XCBuildConfiguration;
			buildSettings = {
				ALWAYS_SEARCH_USER_PATHS = NO;
				CLANG_ANALYZER_LOCALIZABILITY_NONLOCALIZED = YES;
				CLANG_ANALYZER_NONNULL = YES;
				CLANG_ANALYZER_NUMBER_OBJECT_CONVERSION = YES_AGGRESSIVE;
				CLANG_CXX_LANGUAGE_STANDARD = "gnu++14";
				CLANG_CXX_LIBRARY = "libc++";
				CLANG_ENABLE_MODULES = YES;
				CLANG_ENABLE_OBJC_ARC = YES;
				CLANG_ENABLE_OBJC_WEAK = YES;
				CLANG_WARN_BLOCK_CAPTURE_AUTORELEASING = YES;
				CLANG_WARN_BOOL_CONVERSION = YES;
				CLANG_WARN_COMMA = YES;
				CLANG_WARN_CONSTANT_CONVERSION = YES;
				CLANG_WARN_DEPRECATED_OBJC_IMPLEMENTATIONS = YES;
				CLANG_WARN_DIRECT_OBJC_ISA_USAGE = YES_ERROR;
				CLANG_WARN_DOCUMENTATION_COMMENTS = YES;
				CLANG_WARN_EMPTY_BODY = YES;
				CLANG_WARN_ENUM_CONVERSION = YES;
				CLANG_WARN_INFINITE_RECURSION = YES;
				CLANG_WARN_INT_CONVERSION = YES;
				CLANG_WARN_NON_LITERAL_NULL_CONVERSION = YES;
				CLANG_WARN_OBJC_IMPLICIT_RETAIN_SELF = YES;
				CLANG_WARN_OBJC_LITERAL_CONVERSION = YES;
				CLANG_WARN_OBJC_ROOT_CLASS = YES_ERROR;
				CLANG_WARN_RANGE_LOOP_ANALYSIS = YES;
				CLANG_WARN_STRICT_PROTOTYPES = YES;
				CLANG_WARN_SUSPICIOUS_MOVE = YES;
				CLANG_WARN_UNGUARDED_AVAILABILITY = YES_AGGRESSIVE;
				CLANG_WARN_UNREACHABLE_CODE = YES;
				CLANG_WARN__DUPLICATE_METHOD_MATCH = YES;
				CODE_SIGN_IDENTITY = "iPhone Developer";
				COPY_PHASE_STRIP = NO;
				CURRENT_PROJECT_VERSION = 1;
				DEBUG_INFORMATION_FORMAT = dwarf;
				ENABLE_STRICT_OBJC_MSGSEND = YES;
				ENABLE_TESTABILITY = YES;
				GCC_C_LANGUAGE_STANDARD = gnu11;
				GCC_DYNAMIC_NO_PIC = NO;
				GCC_NO_COMMON_BLOCKS = YES;
				GCC_OPTIMIZATION_LEVEL = 0;
				GCC_PRECOMPILE_PREFIX_HEADER = NO;
				GCC_PREFIX_HEADER = "";
				GCC_PREPROCESSOR_DEFINITIONS = (
					"DEBUG=1",
					"$(inherited)",
				);
				GCC_WARN_64_TO_32_BIT_CONVERSION = YES;
				GCC_WARN_ABOUT_RETURN_TYPE = YES_ERROR;
				GCC_WARN_UNDECLARED_SELECTOR = YES;
				GCC_WARN_UNINITIALIZED_AUTOS = YES_AGGRESSIVE;
				GCC_WARN_UNUSED_FUNCTION = YES;
				GCC_WARN_UNUSED_VARIABLE = YES;
				IPHONEOS_DEPLOYMENT_TARGET = 11.4;
				MTL_ENABLE_DEBUG_INFO = YES;
				ONLY_ACTIVE_ARCH = YES;
				SDKROOT = iphoneos;
				VERSIONING_SYSTEM = "apple-generic";
				VERSION_INFO_PREFIX = "";
			};
			name = Debug;
		};
		EABFE97921391AB30022D94A /* Release */ = {
			isa = XCBuildConfiguration;
			buildSettings = {
				ALWAYS_SEARCH_USER_PATHS = NO;
				CLANG_ANALYZER_LOCALIZABILITY_NONLOCALIZED = YES;
				CLANG_ANALYZER_NONNULL = YES;
				CLANG_ANALYZER_NUMBER_OBJECT_CONVERSION = YES_AGGRESSIVE;
				CLANG_CXX_LANGUAGE_STANDARD = "gnu++14";
				CLANG_CXX_LIBRARY = "libc++";
				CLANG_ENABLE_MODULES = YES;
				CLANG_ENABLE_OBJC_ARC = YES;
				CLANG_ENABLE_OBJC_WEAK = YES;
				CLANG_WARN_BLOCK_CAPTURE_AUTORELEASING = YES;
				CLANG_WARN_BOOL_CONVERSION = YES;
				CLANG_WARN_COMMA = YES;
				CLANG_WARN_CONSTANT_CONVERSION = YES;
				CLANG_WARN_DEPRECATED_OBJC_IMPLEMENTATIONS = YES;
				CLANG_WARN_DIRECT_OBJC_ISA_USAGE = YES_ERROR;
				CLANG_WARN_DOCUMENTATION_COMMENTS = YES;
				CLANG_WARN_EMPTY_BODY = YES;
				CLANG_WARN_ENUM_CONVERSION = YES;
				CLANG_WARN_INFINITE_RECURSION = YES;
				CLANG_WARN_INT_CONVERSION = YES;
				CLANG_WARN_NON_LITERAL_NULL_CONVERSION = YES;
				CLANG_WARN_OBJC_IMPLICIT_RETAIN_SELF = YES;
				CLANG_WARN_OBJC_LITERAL_CONVERSION = YES;
				CLANG_WARN_OBJC_ROOT_CLASS = YES_ERROR;
				CLANG_WARN_RANGE_LOOP_ANALYSIS = YES;
				CLANG_WARN_STRICT_PROTOTYPES = YES;
				CLANG_WARN_SUSPICIOUS_MOVE = YES;
				CLANG_WARN_UNGUARDED_AVAILABILITY = YES_AGGRESSIVE;
				CLANG_WARN_UNREACHABLE_CODE = YES;
				CLANG_WARN__DUPLICATE_METHOD_MATCH = YES;
				CODE_SIGN_IDENTITY = "iPhone Developer";
				COPY_PHASE_STRIP = NO;
				CURRENT_PROJECT_VERSION = 1;
				DEBUG_INFORMATION_FORMAT = "dwarf-with-dsym";
				ENABLE_NS_ASSERTIONS = NO;
				ENABLE_STRICT_OBJC_MSGSEND = YES;
				GCC_C_LANGUAGE_STANDARD = gnu11;
				GCC_NO_COMMON_BLOCKS = YES;
				GCC_PRECOMPILE_PREFIX_HEADER = NO;
				GCC_PREFIX_HEADER = "";
				GCC_WARN_64_TO_32_BIT_CONVERSION = YES;
				GCC_WARN_ABOUT_RETURN_TYPE = YES_ERROR;
				GCC_WARN_UNDECLARED_SELECTOR = YES;
				GCC_WARN_UNINITIALIZED_AUTOS = YES_AGGRESSIVE;
				GCC_WARN_UNUSED_FUNCTION = YES;
				GCC_WARN_UNUSED_VARIABLE = YES;
				IPHONEOS_DEPLOYMENT_TARGET = 11.4;
				MTL_ENABLE_DEBUG_INFO = NO;
				SDKROOT = iphoneos;
				VALIDATE_PRODUCT = YES;
				VERSIONING_SYSTEM = "apple-generic";
				VERSION_INFO_PREFIX = "";
			};
			name = Release;
		};
		EABFE97B21391AB30022D94A /* Debug */ = {
			isa = XCBuildConfiguration;
			baseConfigurationReference = 23A02D1E6011119191E90519 /* Pods-KKWTool.debug.xcconfig */;
			buildSettings = {
				CODE_SIGN_IDENTITY = "";
				CODE_SIGN_STYLE = Automatic;
				DEFINES_MODULE = YES;
				DYLIB_COMPATIBILITY_VERSION = 1;
				DYLIB_CURRENT_VERSION = 1;
				DYLIB_INSTALL_NAME_BASE = "@rpath";
				GCC_PREFIX_HEADER = "";
				INFOPLIST_FILE = KKWTool/Info.plist;
				INSTALL_PATH = "$(LOCAL_LIBRARY_DIR)/Frameworks";
				LD_RUNPATH_SEARCH_PATHS = (
					"$(inherited)",
					"@executable_path/Frameworks",
					"@loader_path/Frameworks",
				);
				PRODUCT_BUNDLE_IDENTIFIER = KuarkWallet.KKWTool;
				PRODUCT_NAME = "$(TARGET_NAME:c99extidentifier)";
				SKIP_INSTALL = YES;
				TARGETED_DEVICE_FAMILY = "1,2";
			};
			name = Debug;
		};
		EABFE97C21391AB30022D94A /* Release */ = {
			isa = XCBuildConfiguration;
			baseConfigurationReference = FA32AB80BD1CBD2566525AF4 /* Pods-KKWTool.release.xcconfig */;
			buildSettings = {
				CODE_SIGN_IDENTITY = "";
				CODE_SIGN_STYLE = Automatic;
				DEFINES_MODULE = YES;
				DYLIB_COMPATIBILITY_VERSION = 1;
				DYLIB_CURRENT_VERSION = 1;
				DYLIB_INSTALL_NAME_BASE = "@rpath";
				GCC_PREFIX_HEADER = "";
				INFOPLIST_FILE = KKWTool/Info.plist;
				INSTALL_PATH = "$(LOCAL_LIBRARY_DIR)/Frameworks";
				LD_RUNPATH_SEARCH_PATHS = (
					"$(inherited)",
					"@executable_path/Frameworks",
					"@loader_path/Frameworks",
				);
				PRODUCT_BUNDLE_IDENTIFIER = KuarkWallet.KKWTool;
				PRODUCT_NAME = "$(TARGET_NAME:c99extidentifier)";
				SKIP_INSTALL = YES;
				TARGETED_DEVICE_FAMILY = "1,2";
			};
			name = Release;
		};
/* End XCBuildConfiguration section */

/* Begin XCConfigurationList section */
		EABFE96C21391AB30022D94A /* Build configuration list for PBXProject "KKWTool" */ = {
			isa = XCConfigurationList;
			buildConfigurations = (
				EABFE97821391AB30022D94A /* Debug */,
				EABFE97921391AB30022D94A /* Release */,
			);
			defaultConfigurationIsVisible = 0;
			defaultConfigurationName = Release;
		};
		EABFE97A21391AB30022D94A /* Build configuration list for PBXNativeTarget "KKWTool" */ = {
			isa = XCConfigurationList;
			buildConfigurations = (
				EABFE97B21391AB30022D94A /* Debug */,
				EABFE97C21391AB30022D94A /* Release */,
			);
			defaultConfigurationIsVisible = 0;
			defaultConfigurationName = Release;
		};
/* End XCConfigurationList section */
	};
	rootObject = EABFE96921391AB30022D94A /* Project object */;
}
